# This file is autogenerated, do not edit; changes may be undone by the next 'dep ensure'.


[[projects]]
  name = "github.com/rs/cors"
  packages = ["."]
  revision = "7af7a1e09ba336d2ea14b1ce73bf693c6837dbf6"
  version = "v1.2"

[solve-meta]
  analyzer-name = "dep"
  analyzer-version = 1
  inputs-digest = "728704d7b6736c001a99f3f0d395a226c16262fc003acd0697543702bad87132"
  solver-name = "gps-cdcl"
  solver-version = 1
